
Microsoft Visual Studio Solution File, Format Version 12.00
# Visual Studio Version 17
VisualStudioVersion = 17.2.32616.157
MinimumVisualStudioVersion = 10.0.40219.1
Project("{FAE04EC0-301F-11D3-BF4B-00C04F79EFBC}") = "Training test", "WindowsFormsApp7 дом 19-06 2\Training test.csproj", "{822BC865-6914-4F64-B590-860E9731370B}"
EndProject
Global
	GlobalSection(SolutionConfigurationPlatforms) = preSolution
		Debug|Any CPU = Debug|Any CPU
		Release|Any CPU = Release|Any CPU
	EndGlobalSection
	GlobalSection(ProjectConfigurationPlatforms) = postSolution
		{822BC865-6914-4F64-B590-860E9731370B}.Debug|Any CPU.ActiveCfg = Debug|Any CPU
		{822BC865-6914-4F64-B590-860E9731370B}.Debug|Any CPU.Build.0 = Debug|Any CPU
		{822BC865-6914-4F64-B590-860E9731370B}.Release|Any CPU.ActiveCfg = Release|Any CPU
		{822BC865-6914-4F64-B590-860E9731370B}.Release|Any CPU.Build.0 = Release|Any CPU
	EndGlobalSection
	GlobalSection(SolutionProperties) = preSolution
		HideSolutionNode = FALSE
	EndGlobalSection
	GlobalSection(ExtensibilityGlobals) = postSolution
		SolutionGuid = {7693EE9F-D167-4281-A96F-4285E5D1C656}
	EndGlobalSection
EndGlobal
